// !$*UTF8*$!
{
	archiveVersion = 1;
	classes = {
	};
	objectVersion = 50;
	objects = {

/* Begin PBXBuildFile section */
		42E80E0325569E95008885ED /* AppDelegate.swift in Sources */ = {isa = PBXBuildFile; fileRef = 42E80E0225569E95008885ED /* AppDelegate.swift */; };
		42E80E0525569E95008885ED /* SceneDelegate.swift in Sources */ = {isa = PBXBuildFile; fileRef = 42E80E0425569E95008885ED /* SceneDelegate.swift */; };
		42E80E0725569E95008885ED /* ConversationsViewController.swift in Sources */ = {isa = PBXBuildFile; fileRef = 42E80E0625569E95008885ED /* ConversationsViewController.swift */; };
		42E80E0A25569E95008885ED /* Main.storyboard in Resources */ = {isa = PBXBuildFile; fileRef = 42E80E0825569E95008885ED /* Main.storyboard */; };
		42E80E0C25569E96008885ED /* Assets.xcassets in Resources */ = {isa = PBXBuildFile; fileRef = 42E80E0B25569E96008885ED /* Assets.xcassets */; };
		42E80E0F25569E96008885ED /* LaunchScreen.storyboard in Resources */ = {isa = PBXBuildFile; fileRef = 42E80E0D25569E96008885ED /* LaunchScreen.storyboard */; };
		42E80E1A25569E96008885ED /* MessengerTests.swift in Sources */ = {isa = PBXBuildFile; fileRef = 42E80E1925569E96008885ED /* MessengerTests.swift */; };
		42E80E2525569E96008885ED /* MessengerUITests.swift in Sources */ = {isa = PBXBuildFile; fileRef = 42E80E2425569E96008885ED /* MessengerUITests.swift */; };
		42E80E3F2556A29F008885ED /* LoginViewController.swift in Sources */ = {isa = PBXBuildFile; fileRef = 42E80E3E2556A29F008885ED /* LoginViewController.swift */; };
		42E80E472556A2AD008885ED /* RegisterViewController.swift in Sources */ = {isa = PBXBuildFile; fileRef = 42E80E462556A2AD008885ED /* RegisterViewController.swift */; };
		42E80E4C2556A2C4008885ED /* PhotoViewerViewController.swift in Sources */ = {isa = PBXBuildFile; fileRef = 42E80E4B2556A2C4008885ED /* PhotoViewerViewController.swift */; };
		42E80E512556A2D7008885ED /* VideoPlayerViewController.swift in Sources */ = {isa = PBXBuildFile; fileRef = 42E80E502556A2D7008885ED /* VideoPlayerViewController.swift */; };
		42E80E562556A2EF008885ED /* NewConversationViewController.swift in Sources */ = {isa = PBXBuildFile; fileRef = 42E80E552556A2EF008885ED /* NewConversationViewController.swift */; };
		42E80E5B2556A30C008885ED /* ProfileViewController.swift in Sources */ = {isa = PBXBuildFile; fileRef = 42E80E5A2556A30C008885ED /* ProfileViewController.swift */; };
/* End PBXBuildFile section */

/* Begin PBXContainerItemProxy section */
		42E80E1625569E96008885ED /* PBXContainerItemProxy */ = {
			isa = PBXContainerItemProxy;
			containerPortal = 42E80DF725569E95008885ED /* Project object */;
			proxyType = 1;
			remoteGlobalIDString = 42E80DFE25569E95008885ED;
			remoteInfo = Messenger;
		};
		42E80E2125569E96008885ED /* PBXContainerItemProxy */ = {
			isa = PBXContainerItemProxy;
			containerPortal = 42E80DF725569E95008885ED /* Project object */;
			proxyType = 1;
			remoteGlobalIDString = 42E80DFE25569E95008885ED;
			remoteInfo = Messenger;
		};
/* End PBXContainerItemProxy section */

/* Begin PBXFileReference section */
		42E80DFF25569E95008885ED /* Messenger.app */ = {isa = PBXFileReference; explicitFileType = wrapper.application; includeInIndex = 0; path = Messenger.app; sourceTree = BUILT_PRODUCTS_DIR; };
		42E80E0225569E95008885ED /* AppDelegate.swift */ = {isa = PBXFileReference; lastKnownFileType = sourcecode.swift; path = AppDelegate.swift; sourceTree = "<group>"; };
		42E80E0425569E95008885ED /* SceneDelegate.swift */ = {isa = PBXFileReference; lastKnownFileType = sourcecode.swift; path = SceneDelegate.swift; sourceTree = "<group>"; };
		42E80E0625569E95008885ED /* ConversationsViewController.swift */ = {isa = PBXFileReference; lastKnownFileType = sourcecode.swift; path = ConversationsViewController.swift; sourceTree = "<group>"; };
		42E80E0925569E95008885ED /* Base */ = {isa = PBXFileReference; lastKnownFileType = file.storyboard; name = Base; path = Base.lproj/Main.storyboard; sourceTree = "<group>"; };
		42E80E0B25569E96008885ED /* Assets.xcassets */ = {isa = PBXFileReference; lastKnownFileType = folder.assetcatalog; path = Assets.xcassets; sourceTree = "<group>"; };
		42E80E0E25569E96008885ED /* Base */ = {isa = PBXFileReference; lastKnownFileType = file.storyboard; name = Base; path = Base.lproj/LaunchScreen.storyboard; sourceTree = "<group>"; };
		42E80E1025569E96008885ED /* Info.plist */ = {isa = PBXFileReference; lastKnownFileType = text.plist.xml; path = Info.plist; sourceTree = "<group>"; };
		42E80E1525569E96008885ED /* MessengerTests.xctest */ = {isa = PBXFileReference; explicitFileType = wrapper.cfbundle; includeInIndex = 0; path = MessengerTests.xctest; sourceTree = BUILT_PRODUCTS_DIR; };
		42E80E1925569E96008885ED /* MessengerTests.swift */ = {isa = PBXFileReference; lastKnownFileType = sourcecode.swift; path = MessengerTests.swift; sourceTree = "<group>"; };
		42E80E1B25569E96008885ED /* Info.plist */ = {isa = PBXFileReference; lastKnownFileType = text.plist.xml; path = Info.plist; sourceTree = "<group>"; };
		42E80E2025569E96008885ED /* MessengerUITests.xctest */ = {isa = PBXFileReference; explicitFileType = wrapper.cfbundle; includeInIndex = 0; path = MessengerUITests.xctest; sourceTree = BUILT_PRODUCTS_DIR; };
		42E80E2425569E96008885ED /* MessengerUITests.swift */ = {isa = PBXFileReference; lastKnownFileType = sourcecode.swift; path = MessengerUITests.swift; sourceTree = "<group>"; };
		42E80E2625569E96008885ED /* Info.plist */ = {isa = PBXFileReference; lastKnownFileType = text.plist.xml; path = Info.plist; sourceTree = "<group>"; };
		42E80E3E2556A29F008885ED /* LoginViewController.swift */ = {isa = PBXFileReference; lastKnownFileType = sourcecode.swift; path = LoginViewController.swift; sourceTree = "<group>"; };
		42E80E462556A2AD008885ED /* RegisterViewController.swift */ = {isa = PBXFileReference; lastKnownFileType = sourcecode.swift; path = RegisterViewController.swift; sourceTree = "<group>"; };
		42E80E4B2556A2C4008885ED /* PhotoViewerViewController.swift */ = {isa = PBXFileReference; lastKnownFileType = sourcecode.swift; path = PhotoViewerViewController.swift; sourceTree = "<group>"; };
		42E80E502556A2D7008885ED /* VideoPlayerViewController.swift */ = {isa = PBXFileReference; lastKnownFileType = sourcecode.swift; path = VideoPlayerViewController.swift; sourceTree = "<group>"; };
		42E80E552556A2EF008885ED /* NewConversationViewController.swift */ = {isa = PBXFileReference; lastKnownFileType = sourcecode.swift; path = NewConversationViewController.swift; sourceTree = "<group>"; };
		42E80E5A2556A30C008885ED /* ProfileViewController.swift */ = {isa = PBXFileReference; lastKnownFileType = sourcecode.swift; path = ProfileViewController.swift; sourceTree = "<group>"; };
/* End PBXFileReference section */

/* Begin PBXFrameworksBuildPhase section */
		42E80DFC25569E95008885ED /* Frameworks */ = {
			isa = PBXFrameworksBuildPhase;
			buildActionMask = 2147483647;
			files = (
			);
			runOnlyForDeploymentPostprocessing = 0;
		};
		42E80E1225569E96008885ED /* Frameworks */ = {
			isa = PBXFrameworksBuildPhase;
			buildActionMask = 2147483647;
			files = (
			);
			runOnlyForDeploymentPostprocessing = 0;
		};
		42E80E1D25569E96008885ED /* Frameworks */ = {
			isa = PBXFrameworksBuildPhase;
			buildActionMask = 2147483647;
			files = (
			);
			runOnlyForDeploymentPostprocessing = 0;
		};
/* End PBXFrameworksBuildPhase section */

/* Begin PBXGroup section */
		42E80DF625569E95008885ED = {
			isa = PBXGroup;
			children = (
				42E80E0125569E95008885ED /* Messenger */,
				42E80E1825569E96008885ED /* MessengerTests */,
				42E80E2325569E96008885ED /* MessengerUITests */,
				42E80E0025569E95008885ED /* Products */,
			);
			sourceTree = "<group>";
		};
		42E80E0025569E95008885ED /* Products */ = {
			isa = PBXGroup;
			children = (
				42E80DFF25569E95008885ED /* Messenger.app */,
				42E80E1525569E96008885ED /* MessengerTests.xctest */,
				42E80E2025569E96008885ED /* MessengerUITests.xctest */,
			);
			name = Products;
			sourceTree = "<group>";
		};
		42E80E0125569E95008885ED /* Messenger */ = {
			isa = PBXGroup;
			children = (
				42E80E392556A01F008885ED /* Controllers */,
				42E80E382556A016008885ED /* Views */,
				42E80E372556A00F008885ED /* Models */,
				42E80E362556A001008885ED /* ViewModels */,
				42E80E3525569FF2008885ED /* Resources */,
				42E80E1025569E96008885ED /* Info.plist */,
			);
			path = Messenger;
			sourceTree = "<group>";
		};
		42E80E1825569E96008885ED /* MessengerTests */ = {
			isa = PBXGroup;
			children = (
				42E80E1925569E96008885ED /* MessengerTests.swift */,
				42E80E1B25569E96008885ED /* Info.plist */,
			);
			path = MessengerTests;
			sourceTree = "<group>";
		};
		42E80E2325569E96008885ED /* MessengerUITests */ = {
			isa = PBXGroup;
			children = (
				42E80E2425569E96008885ED /* MessengerUITests.swift */,
				42E80E2625569E96008885ED /* Info.plist */,
			);
			path = MessengerUITests;
			sourceTree = "<group>";
		};
		42E80E3525569FF2008885ED /* Resources */ = {
			isa = PBXGroup;
			children = (
				42E80E0225569E95008885ED /* AppDelegate.swift */,
				42E80E0425569E95008885ED /* SceneDelegate.swift */,
			);
			path = Resources;
			sourceTree = "<group>";
		};
		42E80E362556A001008885ED /* ViewModels */ = {
			isa = PBXGroup;
			children = (
			);
			path = ViewModels;
			sourceTree = "<group>";
		};
		42E80E372556A00F008885ED /* Models */ = {
			isa = PBXGroup;
			children = (
			);
			path = Models;
			sourceTree = "<group>";
		};
		42E80E382556A016008885ED /* Views */ = {
			isa = PBXGroup;
			children = (
				42E80E3A2556A09E008885ED /* Storyboards */,
				42E80E0B25569E96008885ED /* Assets.xcassets */,
			);
			path = Views;
			sourceTree = "<group>";
		};
		42E80E392556A01F008885ED /* Controllers */ = {
			isa = PBXGroup;
			children = (
				42E80E0625569E95008885ED /* ConversationsViewController.swift */,
				42E80E3E2556A29F008885ED /* LoginViewController.swift */,
				42E80E462556A2AD008885ED /* RegisterViewController.swift */,
				42E80E4B2556A2C4008885ED /* PhotoViewerViewController.swift */,
				42E80E502556A2D7008885ED /* VideoPlayerViewController.swift */,
				42E80E552556A2EF008885ED /* NewConversationViewController.swift */,
				42E80E5A2556A30C008885ED /* ProfileViewController.swift */,
			);
			path = Controllers;
			sourceTree = "<group>";
		};
		42E80E3A2556A09E008885ED /* Storyboards */ = {
			isa = PBXGroup;
			children = (
				42E80E0825569E95008885ED /* Main.storyboard */,
				42E80E0D25569E96008885ED /* LaunchScreen.storyboard */,
			);
			path = Storyboards;
			sourceTree = "<group>";
		};
/* End PBXGroup section */

/* Begin PBXNativeTarget section */
		42E80DFE25569E95008885ED /* Messenger */ = {
			isa = PBXNativeTarget;
			buildConfigurationList = 42E80E2925569E96008885ED /* Build configuration list for PBXNativeTarget "Messenger" */;
			buildPhases = (
				42E80DFB25569E95008885ED /* Sources */,
				42E80DFC25569E95008885ED /* Frameworks */,
				42E80DFD25569E95008885ED /* Resources */,
			);
			buildRules = (
			);
			dependencies = (
			);
			name = Messenger;
			productName = Messenger;
			productReference = 42E80DFF25569E95008885ED /* Messenger.app */;
			productType = "com.apple.product-type.application";
		};
		42E80E1425569E96008885ED /* MessengerTests */ = {
			isa = PBXNativeTarget;
			buildConfigurationList = 42E80E2C25569E96008885ED /* Build configuration list for PBXNativeTarget "MessengerTests" */;
			buildPhases = (
				42E80E1125569E96008885ED /* Sources */,
				42E80E1225569E96008885ED /* Frameworks */,
				42E80E1325569E96008885ED /* Resources */,
			);
			buildRules = (
			);
			dependencies = (
				42E80E1725569E96008885ED /* PBXTargetDependency */,
			);
			name = MessengerTests;
			productName = MessengerTests;
			productReference = 42E80E1525569E96008885ED /* MessengerTests.xctest */;
			productType = "com.apple.product-type.bundle.unit-test";
		};
		42E80E1F25569E96008885ED /* MessengerUITests */ = {
			isa = PBXNativeTarget;
			buildConfigurationList = 42E80E2F25569E96008885ED /* Build configuration list for PBXNativeTarget "MessengerUITests" */;
			buildPhases = (
				42E80E1C25569E96008885ED /* Sources */,
				42E80E1D25569E96008885ED /* Frameworks */,
				42E80E1E25569E96008885ED /* Resources */,
			);
			buildRules = (
			);
			dependencies = (
				42E80E2225569E96008885ED /* PBXTargetDependency */,
			);
			name = MessengerUITests;
			productName = MessengerUITests;
			productReference = 42E80E2025569E96008885ED /* MessengerUITests.xctest */;
			productType = "com.apple.product-type.bundle.ui-testing";
		};
/* End PBXNativeTarget section */

/* Begin PBXProject section */
		42E80DF725569E95008885ED /* Project object */ = {
			isa = PBXProject;
			attributes = {
				LastSwiftUpdateCheck = 1210;
				LastUpgradeCheck = 1210;
				TargetAttributes = {
					42E80DFE25569E95008885ED = {
						CreatedOnToolsVersion = 12.1;
					};
					42E80E1425569E96008885ED = {
						CreatedOnToolsVersion = 12.1;
						TestTargetID = 42E80DFE25569E95008885ED;
					};
					42E80E1F25569E96008885ED = {
						CreatedOnToolsVersion = 12.1;
						TestTargetID = 42E80DFE25569E95008885ED;
					};
				};
			};
			buildConfigurationList = 42E80DFA25569E95008885ED /* Build configuration list for PBXProject "Messenger" */;
			compatibilityVersion = "Xcode 9.3";
			developmentRegion = en;
			hasScannedForEncodings = 0;
			knownRegions = (
				en,
				Base,
			);
			mainGroup = 42E80DF625569E95008885ED;
			productRefGroup = 42E80E0025569E95008885ED /* Products */;
			projectDirPath = "";
			projectRoot = "";
			targets = (
				42E80DFE25569E95008885ED /* Messenger */,
				42E80E1425569E96008885ED /* MessengerTests */,
				42E80E1F25569E96008885ED /* MessengerUITests */,
			);
		};
/* End PBXProject section */

/* Begin PBXResourcesBuildPhase section */
		42E80DFD25569E95008885ED /* Resources */ = {
			isa = PBXResourcesBuildPhase;
			buildActionMask = 2147483647;
			files = (
				42E80E0F25569E96008885ED /* LaunchScreen.storyboard in Resources */,
				42E80E0C25569E96008885ED /* Assets.xcassets in Resources */,
				42E80E0A25569E95008885ED /* Main.storyboard in Resources */,
			);
			runOnlyForDeploymentPostprocessing = 0;
		};
		42E80E1325569E96008885ED /* Resources */ = {
			isa = PBXResourcesBuildPhase;
			buildActionMask = 2147483647;
			files = (
			);
			runOnlyForDeploymentPostprocessing = 0;
		};
		42E80E1E25569E96008885ED /* Resources */ = {
			isa = PBXResourcesBuildPhase;
			buildActionMask = 2147483647;
			files = (
			);
			runOnlyForDeploymentPostprocessing = 0;
		};
/* End PBXResourcesBuildPhase section */

/* Begin PBXSourcesBuildPhase section */
		42E80DFB25569E95008885ED /* Sources */ = {
			isa = PBXSourcesBuildPhase;
			buildActionMask = 2147483647;
			files = (
				42E80E3F2556A29F008885ED /* LoginViewController.swift in Sources */,
				42E80E472556A2AD008885ED /* RegisterViewController.swift in Sources */,
				42E80E562556A2EF008885ED /* NewConversationViewController.swift in Sources */,
				42E80E0725569E95008885ED /* ConversationsViewController.swift in Sources */,
				42E80E512556A2D7008885ED /* VideoPlayerViewController.swift in Sources */,
				42E80E0325569E95008885ED /* AppDelegate.swift in Sources */,
				42E80E5B2556A30C008885ED /* ProfileViewController.swift in Sources */,
				42E80E0525569E95008885ED /* SceneDelegate.swift in Sources */,
				42E80E4C2556A2C4008885ED /* PhotoViewerViewController.swift in Sources */,
			);
			runOnlyForDeploymentPostprocessing = 0;
		};
		42E80E1125569E96008885ED /* Sources */ = {
			isa = PBXSourcesBuildPhase;
			buildActionMask = 2147483647;
			files = (
				42E80E1A25569E96008885ED /* MessengerTests.swift in Sources */,
			);
			runOnlyForDeploymentPostprocessing = 0;
		};
		42E80E1C25569E96008885ED /* Sources */ = {
			isa = PBXSourcesBuildPhase;
			buildActionMask = 2147483647;
			files = (
				42E80E2525569E96008885ED /* MessengerUITests.swift in Sources */,
			);
			runOnlyForDeploymentPostprocessing = 0;
		};
/* End PBXSourcesBuildPhase section */

/* Begin PBXTargetDependency section */
		42E80E1725569E96008885ED /* PBXTargetDependency */ = {
			isa = PBXTargetDependency;
			target = 42E80DFE25569E95008885ED /* Messenger */;
			targetProxy = 42E80E1625569E96008885ED /* PBXContainerItemProxy */;
		};
		42E80E2225569E96008885ED /* PBXTargetDependency */ = {
			isa = PBXTargetDependency;
			target = 42E80DFE25569E95008885ED /* Messenger */;
			targetProxy = 42E80E2125569E96008885ED /* PBXContainerItemProxy */;
		};
/* End PBXTargetDependency section */

/* Begin PBXVariantGroup section */
		42E80E0825569E95008885ED /* Main.storyboard */ = {
			isa = PBXVariantGroup;
			children = (
				42E80E0925569E95008885ED /* Base */,
			);
			name = Main.storyboard;
			sourceTree = "<group>";
		};
		42E80E0D25569E96008885ED /* LaunchScreen.storyboard */ = {
			isa = PBXVariantGroup;
			children = (
				42E80E0E25569E96008885ED /* Base */,
			);
			name = LaunchScreen.storyboard;
			sourceTree = "<group>";
		};
/* End PBXVariantGroup section */

/* Begin XCBuildConfiguration section */
		42E80E2725569E96008885ED /* Debug */ = {
			isa = XCBuildConfiguration;
			buildSettings = {
				ALWAYS_SEARCH_USER_PATHS = NO;
				CLANG_ANALYZER_NONNULL = YES;
				CLANG_ANALYZER_NUMBER_OBJECT_CONVERSION = YES_AGGRESSIVE;
				CLANG_CXX_LANGUAGE_STANDARD = "gnu++14";
				CLANG_CXX_LIBRARY = "libc++";
				CLANG_ENABLE_MODULES = YES;
				CLANG_ENABLE_OBJC_ARC = YES;
				CLANG_ENABLE_OBJC_WEAK = YES;
				CLANG_WARN_BLOCK_CAPTURE_AUTORELEASING = YES;
				CLANG_WARN_BOOL_CONVERSION = YES;
				CLANG_WARN_COMMA = YES;
				CLANG_WARN_CONSTANT_CONVERSION = YES;
				CLANG_WARN_DEPRECATED_OBJC_IMPLEMENTATIONS = YES;
				CLANG_WARN_DIRECT_OBJC_ISA_USAGE = YES_ERROR;
				CLANG_WARN_DOCUMENTATION_COMMENTS = YES;
				CLANG_WARN_EMPTY_BODY = YES;
				CLANG_WARN_ENUM_CONVERSION = YES;
				CLANG_WARN_INFINITE_RECURSION = YES;
				CLANG_WARN_INT_CONVERSION = YES;
				CLANG_WARN_NON_LITERAL_NULL_CONVERSION = YES;
				CLANG_WARN_OBJC_IMPLICIT_RETAIN_SELF = YES;
				CLANG_WARN_OBJC_LITERAL_CONVERSION = YES;
				CLANG_WARN_OBJC_ROOT_CLASS = YES_ERROR;
				CLANG_WARN_QUOTED_INCLUDE_IN_FRAMEWORK_HEADER = YES;
				CLANG_WARN_RANGE_LOOP_ANALYSIS = YES;
				CLANG_WARN_STRICT_PROTOTYPES = YES;
				CLANG_WARN_SUSPICIOUS_MOVE = YES;
				CLANG_WARN_UNGUARDED_AVAILABILITY = YES_AGGRESSIVE;
				CLANG_WARN_UNREACHABLE_CODE = YES;
				CLANG_WARN__DUPLICATE_METHOD_MATCH = YES;
				COPY_PHASE_STRIP = NO;
				DEBUG_INFORMATION_FORMAT = dwarf;
				ENABLE_STRICT_OBJC_MSGSEND = YES;
				ENABLE_TESTABILITY = YES;
				GCC_C_LANGUAGE_STANDARD = gnu11;
				GCC_DYNAMIC_NO_PIC = NO;
				GCC_NO_COMMON_BLOCKS = YES;
				GCC_OPTIMIZATION_LEVEL = 0;
				GCC_PREPROCESSOR_DEFINITIONS = (
					"DEBUG=1",
					"$(inherited)",
				);
				GCC_WARN_64_TO_32_BIT_CONVERSION = YES;
				GCC_WARN_ABOUT_RETURN_TYPE = YES_ERROR;
				GCC_WARN_UNDECLARED_SELECTOR = YES;
				GCC_WARN_UNINITIALIZED_AUTOS = YES_AGGRESSIVE;
				GCC_WARN_UNUSED_FUNCTION = YES;
				GCC_WARN_UNUSED_VARIABLE = YES;
				IPHONEOS_DEPLOYMENT_TARGET = 14.1;
				MTL_ENABLE_DEBUG_INFO = INCLUDE_SOURCE;
				MTL_FAST_MATH = YES;
				ONLY_ACTIVE_ARCH = YES;
				SDKROOT = iphoneos;
				SWIFT_ACTIVE_COMPILATION_CONDITIONS = DEBUG;
				SWIFT_OPTIMIZATION_LEVEL = "-Onone";
			};
			name = Debug;
		};
		42E80E2825569E96008885ED /* Release */ = {
			isa = XCBuildConfiguration;
			buildSettings = {
				ALWAYS_SEARCH_USER_PATHS = NO;
				CLANG_ANALYZER_NONNULL = YES;
				CLANG_ANALYZER_NUMBER_OBJECT_CONVERSION = YES_AGGRESSIVE;
				CLANG_CXX_LANGUAGE_STANDARD = "gnu++14";
				CLANG_CXX_LIBRARY = "libc++";
				CLANG_ENABLE_MODULES = YES;
				CLANG_ENABLE_OBJC_ARC = YES;
				CLANG_ENABLE_OBJC_WEAK = YES;
				CLANG_WARN_BLOCK_CAPTURE_AUTORELEASING = YES;
				CLANG_WARN_BOOL_CONVERSION = YES;
				CLANG_WARN_COMMA = YES;
				CLANG_WARN_CONSTANT_CONVERSION = YES;
				CLANG_WARN_DEPRECATED_OBJC_IMPLEMENTATIONS = YES;
				CLANG_WARN_DIRECT_OBJC_ISA_USAGE = YES_ERROR;
				CLANG_WARN_DOCUMENTATION_COMMENTS = YES;
				CLANG_WARN_EMPTY_BODY = YES;
				CLANG_WARN_ENUM_CONVERSION = YES;
				CLANG_WARN_INFINITE_RECURSION = YES;
				CLANG_WARN_INT_CONVERSION = YES;
				CLANG_WARN_NON_LITERAL_NULL_CONVERSION = YES;
				CLANG_WARN_OBJC_IMPLICIT_RETAIN_SELF = YES;
				CLANG_WARN_OBJC_LITERAL_CONVERSION = YES;
				CLANG_WARN_OBJC_ROOT_CLASS = YES_ERROR;
				CLANG_WARN_QUOTED_INCLUDE_IN_FRAMEWORK_HEADER = YES;
				CLANG_WARN_RANGE_LOOP_ANALYSIS = YES;
				CLANG_WARN_STRICT_PROTOTYPES = YES;
				CLANG_WARN_SUSPICIOUS_MOVE = YES;
				CLANG_WARN_UNGUARDED_AVAILABILITY = YES_AGGRESSIVE;
				CLANG_WARN_UNREACHABLE_CODE = YES;
				CLANG_WARN__DUPLICATE_METHOD_MATCH = YES;
				COPY_PHASE_STRIP = NO;
				DEBUG_INFORMATION_FORMAT = "dwarf-with-dsym";
				ENABLE_NS_ASSERTIONS = NO;
				ENABLE_STRICT_OBJC_MSGSEND = YES;
				GCC_C_LANGUAGE_STANDARD = gnu11;
				GCC_NO_COMMON_BLOCKS = YES;
				GCC_WARN_64_TO_32_BIT_CONVERSION = YES;
				GCC_WARN_ABOUT_RETURN_TYPE = YES_ERROR;
				GCC_WARN_UNDECLARED_SELECTOR = YES;
				GCC_WARN_UNINITIALIZED_AUTOS = YES_AGGRESSIVE;
				GCC_WARN_UNUSED_FUNCTION = YES;
				GCC_WARN_UNUSED_VARIABLE = YES;
				IPHONEOS_DEPLOYMENT_TARGET = 14.1;
				MTL_ENABLE_DEBUG_INFO = NO;
				MTL_FAST_MATH = YES;
				SDKROOT = iphoneos;
				SWIFT_COMPILATION_MODE = wholemodule;
				SWIFT_OPTIMIZATION_LEVEL = "-O";
				VALIDATE_PRODUCT = YES;
			};
			name = Release;
		};
		42E80E2A25569E96008885ED /* Debug */ = {
			isa = XCBuildConfiguration;
			buildSettings = {
				ASSETCATALOG_COMPILER_APPICON_NAME = AppIcon;
				ASSETCATALOG_COMPILER_GLOBAL_ACCENT_COLOR_NAME = AccentColor;
				CODE_SIGN_STYLE = Automatic;
				INFOPLIST_FILE = Messenger/Info.plist;
				IPHONEOS_DEPLOYMENT_TARGET = 14.0;
				LD_RUNPATH_SEARCH_PATHS = (
					"$(inherited)",
					"@executable_path/Frameworks",
				);
				PRODUCT_BUNDLE_IDENTIFIER = jha.Messenger;
				PRODUCT_NAME = "$(TARGET_NAME)";
				SWIFT_VERSION = 5.0;
				TARGETED_DEVICE_FAMILY = "1,2";
			};
			name = Debug;
		};
		42E80E2B25569E96008885ED /* Release */ = {
			isa = XCBuildConfiguration;
			buildSettings = {
				ASSETCATALOG_COMPILER_APPICON_NAME = AppIcon;
				ASSETCATALOG_COMPILER_GLOBAL_ACCENT_COLOR_NAME = AccentColor;
				CODE_SIGN_STYLE = Automatic;
				INFOPLIST_FILE = Messenger/Info.plist;
				IPHONEOS_DEPLOYMENT_TARGET = 14.0;
				LD_RUNPATH_SEARCH_PATHS = (
					"$(inherited)",
					"@executable_path/Frameworks",
				);
				PRODUCT_BUNDLE_IDENTIFIER = jha.Messenger;
				PRODUCT_NAME = "$(TARGET_NAME)";
				SWIFT_VERSION = 5.0;
				TARGETED_DEVICE_FAMILY = "1,2";
			};
			name = Release;
		};
		42E80E2D25569E96008885ED /* Debug */ = {
			isa = XCBuildConfiguration;
			buildSettings = {
				ALWAYS_EMBED_SWIFT_STANDARD_LIBRARIES = YES;
				BUNDLE_LOADER = "$(TEST_HOST)";
				CODE_SIGN_STYLE = Automatic;
				INFOPLIST_FILE = MessengerTests/Info.plist;
				IPHONEOS_DEPLOYMENT_TARGET = 14.1;
				LD_RUNPATH_SEARCH_PATHS = (
					"$(inherited)",
					"@executable_path/Frameworks",
					"@loader_path/Frameworks",
				);
				PRODUCT_BUNDLE_IDENTIFIER = jha.MessengerTests;
				PRODUCT_NAME = "$(TARGET_NAME)";
				SWIFT_VERSION = 5.0;
				TARGETED_DEVICE_FAMILY = "1,2";
				TEST_HOST = "$(BUILT_PRODUCTS_DIR)/Messenger.app/Messenger";
			};
			name = Debug;
		};
		42E80E2E25569E96008885ED /* Release */ = {
			isa = XCBuildConfiguration;
			buildSettings = {
				ALWAYS_EMBED_SWIFT_STANDARD_LIBRARIES = YES;
				BUNDLE_LOADER = "$(TEST_HOST)";
				CODE_SIGN_STYLE = Automatic;
				INFOPLIST_FILE = MessengerTests/Info.plist;
				IPHONEOS_DEPLOYMENT_TARGET = 14.1;
				LD_RUNPATH_SEARCH_PATHS = (
					"$(inherited)",
					"@executable_path/Frameworks",
					"@loader_path/Frameworks",
				);
				PRODUCT_BUNDLE_IDENTIFIER = jha.MessengerTests;
				PRODUCT_NAME = "$(TARGET_NAME)";
				SWIFT_VERSION = 5.0;
				TARGETED_DEVICE_FAMILY = "1,2";
				TEST_HOST = "$(BUILT_PRODUCTS_DIR)/Messenger.app/Messenger";
			};
			name = Release;
		};
		42E80E3025569E96008885ED /* Debug */ = {
			isa = XCBuildConfiguration;
			buildSettings = {
				ALWAYS_EMBED_SWIFT_STANDARD_LIBRARIES = YES;
				CODE_SIGN_STYLE = Automatic;
				INFOPLIST_FILE = MessengerUITests/Info.plist;
				LD_RUNPATH_SEARCH_PATHS = (
					"$(inherited)",
					"@executable_path/Frameworks",
					"@loader_path/Frameworks",
				);
				PRODUCT_BUNDLE_IDENTIFIER = jha.MessengerUITests;
				PRODUCT_NAME = "$(TARGET_NAME)";
				SWIFT_VERSION = 5.0;
				TARGETED_DEVICE_FAMILY = "1,2";
				TEST_TARGET_NAME = Messenger;
			};
			name = Debug;
		};
		42E80E3125569E96008885ED /* Release */ = {
			isa = XCBuildConfiguration;
			buildSettings = {
				ALWAYS_EMBED_SWIFT_STANDARD_LIBRARIES = YES;
				CODE_SIGN_STYLE = Automatic;
				INFOPLIST_FILE = MessengerUITests/Info.plist;
				LD_RUNPATH_SEARCH_PATHS = (
					"$(inherited)",
					"@executable_path/Frameworks",
					"@loader_path/Frameworks",
				);
				PRODUCT_BUNDLE_IDENTIFIER = jha.MessengerUITests;
				PRODUCT_NAME = "$(TARGET_NAME)";
				SWIFT_VERSION = 5.0;
				TARGETED_DEVICE_FAMILY = "1,2";
				TEST_TARGET_NAME = Messenger;
			};
			name = Release;
		};
/* End XCBuildConfiguration section */

/* Begin XCConfigurationList section */
		42E80DFA25569E95008885ED /* Build configuration list for PBXProject "Messenger" */ = {
			isa = XCConfigurationList;
			buildConfigurations = (
				42E80E2725569E96008885ED /* Debug */,
				42E80E2825569E96008885ED /* Release */,
			);
			defaultConfigurationIsVisible = 0;
			defaultConfigurationName = Release;
		};
		42E80E2925569E96008885ED /* Build configuration list for PBXNativeTarget "Messenger" */ = {
			isa = XCConfigurationList;
			buildConfigurations = (
				42E80E2A25569E96008885ED /* Debug */,
				42E80E2B25569E96008885ED /* Release */,
			);
			defaultConfigurationIsVisible = 0;
			defaultConfigurationName = Release;
		};
		42E80E2C25569E96008885ED /* Build configuration list for PBXNativeTarget "MessengerTests" */ = {
			isa = XCConfigurationList;
			buildConfigurations = (
				42E80E2D25569E96008885ED /* Debug */,
				42E80E2E25569E96008885ED /* Release */,
			);
			defaultConfigurationIsVisible = 0;
			defaultConfigurationName = Release;
		};
		42E80E2F25569E96008885ED /* Build configuration list for PBXNativeTarget "MessengerUITests" */ = {
			isa = XCConfigurationList;
			buildConfigurations = (
				42E80E3025569E96008885ED /* Debug */,
				42E80E3125569E96008885ED /* Release */,
			);
			defaultConfigurationIsVisible = 0;
			defaultConfigurationName = Release;
		};
/* End XCConfigurationList section */
	};
	rootObject = 42E80DF725569E95008885ED /* Project object */;
}
